// !$*UTF8*$!
{
	archiveVersion = 1;
	classes = {
	};
	objectVersion = 56;
	objects = {

/* Begin PBXBuildFile section */
		F32736102CC873F1005949E5 /* ParkRow.swift in Sources */ = {isa = PBXBuildFile; fileRef = F327360F2CC873F1005949E5 /* ParkRow.swift */; };
		F32736122CC875ED005949E5 /* ParkDetailView.swift in Sources */ = {isa = PBXBuildFile; fileRef = F32736112CC875ED005949E5 /* ParkDetailView.swift */; };
		F32736142CC876D8005949E5 /* park_mock.json in Resources */ = {isa = PBXBuildFile; fileRef = F32736132CC876D8005949E5 /* park_mock.json */; };
		F34C461F2CC859CA00B713BC /* ParksApp.swift in Sources */ = {isa = PBXBuildFile; fileRef = F34C461E2CC859CA00B713BC /* ParksApp.swift */; };
		F34C46212CC859CA00B713BC /* ContentView.swift in Sources */ = {isa = PBXBuildFile; fileRef = F34C46202CC859CA00B713BC /* ContentView.swift */; };
		F34C46232CC859CB00B713BC /* Assets.xcassets in Resources */ = {isa = PBXBuildFile; fileRef = F34C46222CC859CB00B713BC /* Assets.xcassets */; };
		F34C46262CC859CB00B713BC /* Preview Assets.xcassets in Resources */ = {isa = PBXBuildFile; fileRef = F34C46252CC859CB00B713BC /* Preview Assets.xcassets */; };
		F34C462D2CC85E9D00B713BC /* ParksResponse.swift in Sources */ = {isa = PBXBuildFile; fileRef = F34C462C2CC85E9D00B713BC /* ParksResponse.swift */; };
/* End PBXBuildFile section */

/* Begin PBXFileReference section */
		F327360F2CC873F1005949E5 /* ParkRow.swift */ = {isa = PBXFileReference; lastKnownFileType = sourcecode.swift; path = ParkRow.swift; sourceTree = "<group>"; };
		F32736112CC875ED005949E5 /* ParkDetailView.swift */ = {isa = PBXFileReference; lastKnownFileType = sourcecode.swift; path = ParkDetailView.swift; sourceTree = "<group>"; };
		F32736132CC876D8005949E5 /* park_mock.json */ = {isa = PBXFileReference; fileEncoding = 4; lastKnownFileType = text.json; name = park_mock.json; path = ../../../../../Downloads/park_mock.json; sourceTree = "<group>"; };
		F34C461B2CC859CA00B713BC /* Parks.app */ = {isa = PBXFileReference; explicitFileType = wrapper.application; includeInIndex = 0; path = Parks.app; sourceTree = BUILT_PRODUCTS_DIR; };
		F34C461E2CC859CA00B713BC /* ParksApp.swift */ = {isa = PBXFileReference; lastKnownFileType = sourcecode.swift; path = ParksApp.swift; sourceTree = "<group>"; };
		F34C46202CC859CA00B713BC /* ContentView.swift */ = {isa = PBXFileReference; lastKnownFileType = sourcecode.swift; path = ContentView.swift; sourceTree = "<group>"; };
		F34C46222CC859CB00B713BC /* Assets.xcassets */ = {isa = PBXFileReference; lastKnownFileType = folder.assetcatalog; path = Assets.xcassets; sourceTree = "<group>"; };
		F34C46252CC859CB00B713BC /* Preview Assets.xcassets */ = {isa = PBXFileReference; lastKnownFileType = folder.assetcatalog; path = "Preview Assets.xcassets"; sourceTree = "<group>"; };
		F34C462C2CC85E9D00B713BC /* ParksResponse.swift */ = {isa = PBXFileReference; lastKnownFileType = sourcecode.swift; path = ParksResponse.swift; sourceTree = "<group>"; };
/* End PBXFileReference section */

/* Begin PBXFrameworksBuildPhase section */
		F34C46182CC859CA00B713BC /* Frameworks */ = {
			isa = PBXFrameworksBuildPhase;
			buildActionMask = 2147483647;
			files = (
			);
			runOnlyForDeploymentPostprocessing = 0;
		};
/* End PBXFrameworksBuildPhase section */

/* Begin PBXGroup section */
		F34C46122CC859CA00B713BC = {
			isa = PBXGroup;
			children = (
				F34C461D2CC859CA00B713BC /* Parks */,
				F34C461C2CC859CA00B713BC /* Products */,
			);
			sourceTree = "<group>";
		};
		F34C461C2CC859CA00B713BC /* Products */ = {
			isa = PBXGroup;
			children = (
				F34C461B2CC859CA00B713BC /* Parks.app */,
			);
			name = Products;
			sourceTree = "<group>";
		};
		F34C461D2CC859CA00B713BC /* Parks */ = {
			isa = PBXGroup;
			children = (
				F32736132CC876D8005949E5 /* park_mock.json */,
				F32736112CC875ED005949E5 /* ParkDetailView.swift */,
				F34C461E2CC859CA00B713BC /* ParksApp.swift */,
				F34C46202CC859CA00B713BC /* ContentView.swift */,
				F327360F2CC873F1005949E5 /* ParkRow.swift */,
				F34C462C2CC85E9D00B713BC /* ParksResponse.swift */,
				F34C46222CC859CB00B713BC /* Assets.xcassets */,
				F34C46242CC859CB00B713BC /* Preview Content */,
			);
			path = Parks;
			sourceTree = "<group>";
		};
		F34C46242CC859CB00B713BC /* Preview Content */ = {
			isa = PBXGroup;
			children = (
				F34C46252CC859CB00B713BC /* Preview Assets.xcassets */,
			);
			path = "Preview Content";
			sourceTree = "<group>";
		};
/* End PBXGroup section */

/* Begin PBXNativeTarget section */
		F34C461A2CC859CA00B713BC /* Parks */ = {
			isa = PBXNativeTarget;
			buildConfigurationList = F34C46292CC859CB00B713BC /* Build configuration list for PBXNativeTarget "Parks" */;
			buildPhases = (
				F34C46172CC859CA00B713BC /* Sources */,
				F34C46182CC859CA00B713BC /* Frameworks */,
				F34C46192CC859CA00B713BC /* Resources */,
			);
			buildRules = (
			);
			dependencies = (
			);
			name = Parks;
			productName = Parks;
			productReference = F34C461B2CC859CA00B713BC /* Parks.app */;
			productType = "com.apple.product-type.application";
		};
/* End PBXNativeTarget section */

/* Begin PBXProject section */
		F34C46132CC859CA00B713BC /* Project object */ = {
			isa = PBXProject;
			attributes = {
				BuildIndependentTargetsInParallel = 1;
				LastSwiftUpdateCheck = 1540;
				LastUpgradeCheck = 1540;
				TargetAttributes = {
					F34C461A2CC859CA00B713BC = {
						CreatedOnToolsVersion = 15.4;
					};
				};
			};
			buildConfigurationList = F34C46162CC859CA00B713BC /* Build configuration list for PBXProject "Parks" */;
			compatibilityVersion = "Xcode 14.0";
			developmentRegion = en;
			hasScannedForEncodings = 0;
			knownRegions = (
				en,
				Base,
			);
			mainGroup = F34C46122CC859CA00B713BC;
			productRefGroup = F34C461C2CC859CA00B713BC /* Products */;
			projectDirPath = "";
			projectRoot = "";
			targets = (
				F34C461A2CC859CA00B713BC /* Parks */,
			);
		};
/* End PBXProject section */

/* Begin PBXResourcesBuildPhase section */
		F34C46192CC859CA00B713BC /* Resources */ = {
			isa = PBXResourcesBuildPhase;
			buildActionMask = 2147483647;
			files = (
				F34C46262CC859CB00B713BC /* Preview Assets.xcassets in Resources */,
				F32736142CC876D8005949E5 /* park_mock.json in Resources */,
				F34C46232CC859CB00B713BC /* Assets.xcassets in Resources */,
			);
			runOnlyForDeploymentPostprocessing = 0;
		};
/* End PBXResourcesBuildPhase section */

/* Begin PBXSourcesBuildPhase section */
		F34C46172CC859CA00B713BC /* Sources */ = {
			isa = PBXSourcesBuildPhase;
			buildActionMask = 2147483647;
			files = (
				F34C46212CC859CA00B713BC /* ContentView.swift in Sources */,
				F32736122CC875ED005949E5 /* ParkDetailView.swift in Sources */,
				F34C462D2CC85E9D00B713BC /* ParksResponse.swift in Sources */,
				F32736102CC873F1005949E5 /* ParkRow.swift in Sources */,
				F34C461F2CC859CA00B713BC /* ParksApp.swift in Sources */,
			);
			runOnlyForDeploymentPostprocessing = 0;
		};
/* End PBXSourcesBuildPhase section */

/* Begin XCBuildConfiguration section */
		F34C46272CC859CB00B713BC /* Debug */ = {
			isa = XCBuildConfiguration;
			buildSettings = {
				ALWAYS_SEARCH_USER_PATHS = NO;
				ASSETCATALOG_COMPILER_GENERATE_SWIFT_ASSET_SYMBOL_EXTENSIONS = YES;
				CLANG_ANALYZER_NONNULL = YES;
				CLANG_ANALYZER_NUMBER_OBJECT_CONVERSION = YES_AGGRESSIVE;
				CLANG_CXX_LANGUAGE_STANDARD = "gnu++20";
				CLANG_ENABLE_MODULES = YES;
				CLANG_ENABLE_OBJC_ARC = YES;
				CLANG_ENABLE_OBJC_WEAK = YES;
				CLANG_WARN_BLOCK_CAPTURE_AUTORELEASING = YES;
				CLANG_WARN_BOOL_CONVERSION = YES;
				CLANG_WARN_COMMA = YES;
				CLANG_WARN_CONSTANT_CONVERSION = YES;
				CLANG_WARN_DEPRECATED_OBJC_IMPLEMENTATIONS = YES;
				CLANG_WARN_DIRECT_OBJC_ISA_USAGE = YES_ERROR;
				CLANG_WARN_DOCUMENTATION_COMMENTS = YES;
				CLANG_WARN_EMPTY_BODY = YES;
				CLANG_WARN_ENUM_CONVERSION = YES;
				CLANG_WARN_INFINITE_RECURSION = YES;
				CLANG_WARN_INT_CONVERSION = YES;
				CLANG_WARN_NON_LITERAL_NULL_CONVERSION = YES;
				CLANG_WARN_OBJC_IMPLICIT_RETAIN_SELF = YES;
				CLANG_WARN_OBJC_LITERAL_CONVERSION = YES;
				CLANG_WARN_OBJC_ROOT_CLASS = YES_ERROR;
				CLANG_WARN_QUOTED_INCLUDE_IN_FRAMEWORK_HEADER = YES;
				CLANG_WARN_RANGE_LOOP_ANALYSIS = YES;
				CLANG_WARN_STRICT_PROTOTYPES = YES;
				CLANG_WARN_SUSPICIOUS_MOVE = YES;
				CLANG_WARN_UNGUARDED_AVAILABILITY = YES_AGGRESSIVE;
				CLANG_WARN_UNREACHABLE_CODE = YES;
				CLANG_WARN__DUPLICATE_METHOD_MATCH = YES;
				COPY_PHASE_STRIP = NO;
				DEBUG_INFORMATION_FORMAT = dwarf;
				ENABLE_STRICT_OBJC_MSGSEND = YES;
				ENABLE_TESTABILITY = YES;
				ENABLE_USER_SCRIPT_SANDBOXING = YES;
				GCC_C_LANGUAGE_STANDARD = gnu17;
				GCC_DYNAMIC_NO_PIC = NO;
				GCC_NO_COMMON_BLOCKS = YES;
				GCC_OPTIMIZATION_LEVEL = 0;
				GCC_PREPROCESSOR_DEFINITIONS = (
					"DEBUG=1",
					"$(inherited)",
				);
				GCC_WARN_64_TO_32_BIT_CONVERSION = YES;
				GCC_WARN_ABOUT_RETURN_TYPE = YES_ERROR;
				GCC_WARN_UNDECLARED_SELECTOR = YES;
				GCC_WARN_UNINITIALIZED_AUTOS = YES_AGGRESSIVE;
				GCC_WARN_UNUSED_FUNCTION = YES;
				GCC_WARN_UNUSED_VARIABLE = YES;
				IPHONEOS_DEPLOYMENT_TARGET = 17.5;
				LOCALIZATION_PREFERS_STRING_CATALOGS = YES;
				MTL_ENABLE_DEBUG_INFO = INCLUDE_SOURCE;
				MTL_FAST_MATH = YES;
				ONLY_ACTIVE_ARCH = YES;
				SDKROOT = iphoneos;
				SWIFT_ACTIVE_COMPILATION_CONDITIONS = "DEBUG $(inherited)";
				SWIFT_OPTIMIZATION_LEVEL = "-Onone";
			};
			name = Debug;
		};
		F34C46282CC859CB00B713BC /* Release */ = {
			isa = XCBuildConfiguration;
			buildSettings = {
				ALWAYS_SEARCH_USER_PATHS = NO;
				ASSETCATALOG_COMPILER_GENERATE_SWIFT_ASSET_SYMBOL_EXTENSIONS = YES;
				CLANG_ANALYZER_NONNULL = YES;
				CLANG_ANALYZER_NUMBER_OBJECT_CONVERSION = YES_AGGRESSIVE;
				CLANG_CXX_LANGUAGE_STANDARD = "gnu++20";
				CLANG_ENABLE_MODULES = YES;
				CLANG_ENABLE_OBJC_ARC = YES;
				CLANG_ENABLE_OBJC_WEAK = YES;
				CLANG_WARN_BLOCK_CAPTURE_AUTORELEASING = YES;
				CLANG_WARN_BOOL_CONVERSION = YES;
				CLANG_WARN_COMMA = YES;
				CLANG_WARN_CONSTANT_CONVERSION = YES;
				CLANG_WARN_DEPRECATED_OBJC_IMPLEMENTATIONS = YES;
				CLANG_WARN_DIRECT_OBJC_ISA_USAGE = YES_ERROR;
				CLANG_WARN_DOCUMENTATION_COMMENTS = YES;
				CLANG_WARN_EMPTY_BODY = YES;
				CLANG_WARN_ENUM_CONVERSION = YES;
				CLANG_WARN_INFINITE_RECURSION = YES;
				CLANG_WARN_INT_CONVERSION = YES;
				CLANG_WARN_NON_LITERAL_NULL_CONVERSION = YES;
				CLANG_WARN_OBJC_IMPLICIT_RETAIN_SELF = YES;
				CLANG_WARN_OBJC_LITERAL_CONVERSION = YES;
				CLANG_WARN_OBJC_ROOT_CLASS = YES_ERROR;
				CLANG_WARN_QUOTED_INCLUDE_IN_FRAMEWORK_HEADER = YES;
				CLANG_WARN_RANGE_LOOP_ANALYSIS = YES;
				CLANG_WARN_STRICT_PROTOTYPES = YES;
				CLANG_WARN_SUSPICIOUS_MOVE = YES;
				CLANG_WARN_UNGUARDED_AVAILABILITY = YES_AGGRESSIVE;
				CLANG_WARN_UNREACHABLE_CODE = YES;
				CLANG_WARN__DUPLICATE_METHOD_MATCH = YES;
				COPY_PHASE_STRIP = NO;
				DEBUG_INFORMATION_FORMAT = "dwarf-with-dsym";
				ENABLE_NS_ASSERTIONS = NO;
				ENABLE_STRICT_OBJC_MSGSEND = YES;
				ENABLE_USER_SCRIPT_SANDBOXING = YES;
				GCC_C_LANGUAGE_STANDARD = gnu17;
				GCC_NO_COMMON_BLOCKS = YES;
				GCC_WARN_64_TO_32_BIT_CONVERSION = YES;
				GCC_WARN_ABOUT_RETURN_TYPE = YES_ERROR;
				GCC_WARN_UNDECLARED_SELECTOR = YES;
				GCC_WARN_UNINITIALIZED_AUTOS = YES_AGGRESSIVE;
				GCC_WARN_UNUSED_FUNCTION = YES;
				GCC_WARN_UNUSED_VARIABLE = YES;
				IPHONEOS_DEPLOYMENT_TARGET = 17.5;
				LOCALIZATION_PREFERS_STRING_CATALOGS = YES;
				MTL_ENABLE_DEBUG_INFO = NO;
				MTL_FAST_MATH = YES;
				SDKROOT = iphoneos;
				SWIFT_COMPILATION_MODE = wholemodule;
				VALIDATE_PRODUCT = YES;
			};
			name = Release;
		};
		F34C462A2CC859CB00B713BC /* Debug */ = {
			isa = XCBuildConfiguration;
			buildSettings = {
				ASSETCATALOG_COMPILER_APPICON_NAME = AppIcon;
				ASSETCATALOG_COMPILER_GLOBAL_ACCENT_COLOR_NAME = AccentColor;
				CODE_SIGN_STYLE = Automatic;
				CURRENT_PROJECT_VERSION = 1;
				DEVELOPMENT_ASSET_PATHS = "\"Parks/Preview Content\"";
				ENABLE_PREVIEWS = YES;
				GENERATE_INFOPLIST_FILE = YES;
				INFOPLIST_KEY_UIApplicationSceneManifest_Generation = YES;
				INFOPLIST_KEY_UIApplicationSupportsIndirectInputEvents = YES;
				INFOPLIST_KEY_UILaunchScreen_Generation = YES;
				INFOPLIST_KEY_UISupportedInterfaceOrientations_iPad = "UIInterfaceOrientationPortrait UIInterfaceOrientationPortraitUpsideDown UIInterfaceOrientationLandscapeLeft UIInterfaceOrientationLandscapeRight";
				INFOPLIST_KEY_UISupportedInterfaceOrientations_iPhone = "UIInterfaceOrientationPortrait UIInterfaceOrientationLandscapeLeft UIInterfaceOrientationLandscapeRight";
				LD_RUNPATH_SEARCH_PATHS = (
					"$(inherited)",
					"@executable_path/Frameworks",
				);
				MARKETING_VERSION = 1.0;
				PRODUCT_BUNDLE_IDENTIFIER = AlirioDaRocha.Parks;
				PRODUCT_NAME = "$(TARGET_NAME)";
				SWIFT_EMIT_LOC_STRINGS = YES;
				SWIFT_VERSION = 5.0;
				TARGETED_DEVICE_FAMILY = "1,2";
			};
			name = Debug;
		};
		F34C462B2CC859CB00B713BC /* Release */ = {
			isa = XCBuildConfiguration;
			buildSettings = {
				ASSETCATALOG_COMPILER_APPICON_NAME = AppIcon;
				ASSETCATALOG_COMPILER_GLOBAL_ACCENT_COLOR_NAME = AccentColor;
				CODE_SIGN_STYLE = Automatic;
				CURRENT_PROJECT_VERSION = 1;
				DEVELOPMENT_ASSET_PATHS = "\"Parks/Preview Content\"";
				ENABLE_PREVIEWS = YES;
				GENERATE_INFOPLIST_FILE = YES;
				INFOPLIST_KEY_UIApplicationSceneManifest_Generation = YES;
				INFOPLIST_KEY_UIApplicationSupportsIndirectInputEvents = YES;
				INFOPLIST_KEY_UILaunchScreen_Generation = YES;
				INFOPLIST_KEY_UISupportedInterfaceOrientations_iPad = "UIInterfaceOrientationPortrait UIInterfaceOrientationPortraitUpsideDown UIInterfaceOrientationLandscapeLeft UIInterfaceOrientationLandscapeRight";
				INFOPLIST_KEY_UISupportedInterfaceOrientations_iPhone = "UIInterfaceOrientationPortrait UIInterfaceOrientationLandscapeLeft UIInterfaceOrientationLandscapeRight";
				LD_RUNPATH_SEARCH_PATHS = (
					"$(inherited)",
					"@executable_path/Frameworks",
				);
				MARKETING_VERSION = 1.0;
				PRODUCT_BUNDLE_IDENTIFIER = AlirioDaRocha.Parks;
				PRODUCT_NAME = "$(TARGET_NAME)";
				SWIFT_EMIT_LOC_STRINGS = YES;
				SWIFT_VERSION = 5.0;
				TARGETED_DEVICE_FAMILY = "1,2";
			};
			name = Release;
		};
/* End XCBuildConfiguration section */

/* Begin XCConfigurationList section */
		F34C46162CC859CA00B713BC /* Build configuration list for PBXProject "Parks" */ = {
			isa = XCConfigurationList;
			buildConfigurations = (
				F34C46272CC859CB00B713BC /* Debug */,
				F34C46282CC859CB00B713BC /* Release */,
			);
			defaultConfigurationIsVisible = 0;
			defaultConfigurationName = Release;
		};
		F34C46292CC859CB00B713BC /* Build configuration list for PBXNativeTarget "Parks" */ = {
			isa = XCConfigurationList;
			buildConfigurations = (
				F34C462A2CC859CB00B713BC /* Debug */,
				F34C462B2CC859CB00B713BC /* Release */,
			);
			defaultConfigurationIsVisible = 0;
			defaultConfigurationName = Release;
		};
/* End XCConfigurationList section */
	};
	rootObject = F34C46132CC859CA00B713BC /* Project object */;
}
